
Microsoft Visual Studio Solution File, Format Version 12.00
# Visual Studio Version 17
VisualStudioVersion = 17.0.31903.59
MinimumVisualStudioVersion = 10.0.40219.1
Project("{2150E333-8FDC-42A3-9474-1A3956D46DE8}") = "Tests", "Tests", "{0BA96158-3EFC-4057-A9E1-2347A4B9C523}"
EndProject
Project("{9A19103F-16F7-4668-BE54-9A1E7A4F7556}") = "RainFramework.AspNetCore", "RainFramework.AspNetCore\RainFramework.AspNetCore.csproj", "{A393B793-0BBA-4411-AEA5-1BBAAD4D1914}"
EndProject
Project("{9A19103F-16F7-4668-BE54-9A1E7A4F7556}") = "RainFramework.Common", "RainFramework.Common\RainFramework.Common.csproj", "{65412D10-8420-4264-AEFA-106C0D4112F5}"
EndProject
Project("{9A19103F-16F7-4668-BE54-9A1E7A4F7556}") = "RainFramework.Dao", "RainFramework.Repository\RainFramework.Dao.csproj", "{B04CEFB6-FCDF-4FF9-A385-B0724D553E40}"
EndProject
Project("{9A19103F-16F7-4668-BE54-9A1E7A4F7556}") = "Demo.Api", "Demo.Api\Demo.Api.csproj", "{795A5E8B-6FFC-447F-94D6-1F4FAF93484D}"
EndProject
Project("{2150E333-8FDC-42A3-9474-1A3956D46DE8}") = "Solution Items", "Solution Items", "{460465FD-AE7D-46B8-997E-3453434CDEA8}"
	ProjectSection(SolutionItems) = preProject
		.editorconfig = .editorconfig
	EndProjectSection
EndProject
Project("{9A19103F-16F7-4668-BE54-9A1E7A4F7556}") = "TestProject1", "TestProject1\TestProject1.csproj", "{BFBB348B-9B39-4C27-8E84-24E1A2E13715}"
EndProject
Project("{9A19103F-16F7-4668-BE54-9A1E7A4F7556}") = "RainFramework.Helper", "RainFramework.Helper\RainFramework.Helper.csproj", "{E34DAA8C-8188-49F1-8F64-025CD28BC107}"
EndProject
Project("{9A19103F-16F7-4668-BE54-9A1E7A4F7556}") = "RainFramework.Cache", "RainFramework.Cahce\RainFramework.Cache.csproj", "{6B844FF2-AF14-401C-9170-0BCFA7FB8203}"
EndProject
Project("{9A19103F-16F7-4668-BE54-9A1E7A4F7556}") = "RainFramework.Mq", "RainFramework.EventBus\RainFramework.Mq.csproj", "{F8860F70-3E04-4095-B21B-04D3A60439AE}"
EndProject
Project("{9A19103F-16F7-4668-BE54-9A1E7A4F7556}") = "RainFramework.EFCore", "RainFramework.EFCore\RainFramework.EFCore.csproj", "{081BF6F3-77F1-4631-A450-406A9B793B63}"
EndProject
Project("{2150E333-8FDC-42A3-9474-1A3956D46DE8}") = "Dao", "Dao", "{B1842046-487E-4EC5-A42C-4F6BB4B4202E}"
EndProject
Project("{9A19103F-16F7-4668-BE54-9A1E7A4F7556}") = "RainFramework.Model", "RainFramework.Model\RainFramework.Model.csproj", "{06E43D93-89AA-4CE1-BC8A-46306B17E245}"
EndProject
Project("{9A19103F-16F7-4668-BE54-9A1E7A4F7556}") = "RainFramework.Preconfigured", "RainFramework.Preconfigured\RainFramework.Preconfigured.csproj", "{53B18B15-BA76-41EB-9CBD-2708AD61D321}"
EndProject
Project("{FAE04EC0-301F-11D3-BF4B-00C04F79EFBC}") = "RainFramework.Entities.Abstractions", "RainFramework.Entities.Abstractions\RainFramework.Entities.Abstractions.csproj", "{32A2785F-0F52-4C21-AA71-E64E114480A2}"
EndProject
Global
	GlobalSection(SolutionConfigurationPlatforms) = preSolution
		Debug|Any CPU = Debug|Any CPU
		Release|Any CPU = Release|Any CPU
	EndGlobalSection
	GlobalSection(ProjectConfigurationPlatforms) = postSolution
		{A393B793-0BBA-4411-AEA5-1BBAAD4D1914}.Debug|Any CPU.ActiveCfg = Debug|Any CPU
		{A393B793-0BBA-4411-AEA5-1BBAAD4D1914}.Debug|Any CPU.Build.0 = Debug|Any CPU
		{A393B793-0BBA-4411-AEA5-1BBAAD4D1914}.Release|Any CPU.ActiveCfg = Release|Any CPU
		{A393B793-0BBA-4411-AEA5-1BBAAD4D1914}.Release|Any CPU.Build.0 = Release|Any CPU
		{65412D10-8420-4264-AEFA-106C0D4112F5}.Debug|Any CPU.ActiveCfg = Debug|Any CPU
		{65412D10-8420-4264-AEFA-106C0D4112F5}.Debug|Any CPU.Build.0 = Debug|Any CPU
		{65412D10-8420-4264-AEFA-106C0D4112F5}.Release|Any CPU.ActiveCfg = Release|Any CPU
		{65412D10-8420-4264-AEFA-106C0D4112F5}.Release|Any CPU.Build.0 = Release|Any CPU
		{B04CEFB6-FCDF-4FF9-A385-B0724D553E40}.Debug|Any CPU.ActiveCfg = Debug|Any CPU
		{B04CEFB6-FCDF-4FF9-A385-B0724D553E40}.Debug|Any CPU.Build.0 = Debug|Any CPU
		{B04CEFB6-FCDF-4FF9-A385-B0724D553E40}.Release|Any CPU.ActiveCfg = Release|Any CPU
		{B04CEFB6-FCDF-4FF9-A385-B0724D553E40}.Release|Any CPU.Build.0 = Release|Any CPU
		{795A5E8B-6FFC-447F-94D6-1F4FAF93484D}.Debug|Any CPU.ActiveCfg = Debug|Any CPU
		{795A5E8B-6FFC-447F-94D6-1F4FAF93484D}.Debug|Any CPU.Build.0 = Debug|Any CPU
		{795A5E8B-6FFC-447F-94D6-1F4FAF93484D}.Release|Any CPU.ActiveCfg = Release|Any CPU
		{795A5E8B-6FFC-447F-94D6-1F4FAF93484D}.Release|Any CPU.Build.0 = Release|Any CPU
		{BFBB348B-9B39-4C27-8E84-24E1A2E13715}.Debug|Any CPU.ActiveCfg = Debug|Any CPU
		{BFBB348B-9B39-4C27-8E84-24E1A2E13715}.Debug|Any CPU.Build.0 = Debug|Any CPU
		{BFBB348B-9B39-4C27-8E84-24E1A2E13715}.Release|Any CPU.ActiveCfg = Release|Any CPU
		{BFBB348B-9B39-4C27-8E84-24E1A2E13715}.Release|Any CPU.Build.0 = Release|Any CPU
		{E34DAA8C-8188-49F1-8F64-025CD28BC107}.Debug|Any CPU.ActiveCfg = Debug|Any CPU
		{E34DAA8C-8188-49F1-8F64-025CD28BC107}.Debug|Any CPU.Build.0 = Debug|Any CPU
		{E34DAA8C-8188-49F1-8F64-025CD28BC107}.Release|Any CPU.ActiveCfg = Release|Any CPU
		{E34DAA8C-8188-49F1-8F64-025CD28BC107}.Release|Any CPU.Build.0 = Release|Any CPU
		{6B844FF2-AF14-401C-9170-0BCFA7FB8203}.Debug|Any CPU.ActiveCfg = Debug|Any CPU
		{6B844FF2-AF14-401C-9170-0BCFA7FB8203}.Debug|Any CPU.Build.0 = Debug|Any CPU
		{6B844FF2-AF14-401C-9170-0BCFA7FB8203}.Release|Any CPU.ActiveCfg = Release|Any CPU
		{6B844FF2-AF14-401C-9170-0BCFA7FB8203}.Release|Any CPU.Build.0 = Release|Any CPU
		{F8860F70-3E04-4095-B21B-04D3A60439AE}.Debug|Any CPU.ActiveCfg = Debug|Any CPU
		{F8860F70-3E04-4095-B21B-04D3A60439AE}.Debug|Any CPU.Build.0 = Debug|Any CPU
		{F8860F70-3E04-4095-B21B-04D3A60439AE}.Release|Any CPU.ActiveCfg = Release|Any CPU
		{F8860F70-3E04-4095-B21B-04D3A60439AE}.Release|Any CPU.Build.0 = Release|Any CPU
		{081BF6F3-77F1-4631-A450-406A9B793B63}.Debug|Any CPU.ActiveCfg = Debug|Any CPU
		{081BF6F3-77F1-4631-A450-406A9B793B63}.Debug|Any CPU.Build.0 = Debug|Any CPU
		{081BF6F3-77F1-4631-A450-406A9B793B63}.Release|Any CPU.ActiveCfg = Release|Any CPU
		{081BF6F3-77F1-4631-A450-406A9B793B63}.Release|Any CPU.Build.0 = Release|Any CPU
		{06E43D93-89AA-4CE1-BC8A-46306B17E245}.Debug|Any CPU.ActiveCfg = Debug|Any CPU
		{06E43D93-89AA-4CE1-BC8A-46306B17E245}.Debug|Any CPU.Build.0 = Debug|Any CPU
		{06E43D93-89AA-4CE1-BC8A-46306B17E245}.Release|Any CPU.ActiveCfg = Release|Any CPU
		{06E43D93-89AA-4CE1-BC8A-46306B17E245}.Release|Any CPU.Build.0 = Release|Any CPU
		{53B18B15-BA76-41EB-9CBD-2708AD61D321}.Debug|Any CPU.ActiveCfg = Debug|Any CPU
		{53B18B15-BA76-41EB-9CBD-2708AD61D321}.Debug|Any CPU.Build.0 = Debug|Any CPU
		{53B18B15-BA76-41EB-9CBD-2708AD61D321}.Release|Any CPU.ActiveCfg = Release|Any CPU
		{53B18B15-BA76-41EB-9CBD-2708AD61D321}.Release|Any CPU.Build.0 = Release|Any CPU
		{32A2785F-0F52-4C21-AA71-E64E114480A2}.Debug|Any CPU.ActiveCfg = Debug|Any CPU
		{32A2785F-0F52-4C21-AA71-E64E114480A2}.Debug|Any CPU.Build.0 = Debug|Any CPU
		{32A2785F-0F52-4C21-AA71-E64E114480A2}.Release|Any CPU.ActiveCfg = Release|Any CPU
		{32A2785F-0F52-4C21-AA71-E64E114480A2}.Release|Any CPU.Build.0 = Release|Any CPU
	EndGlobalSection
	GlobalSection(SolutionProperties) = preSolution
		HideSolutionNode = FALSE
	EndGlobalSection
	GlobalSection(NestedProjects) = preSolution
		{B04CEFB6-FCDF-4FF9-A385-B0724D553E40} = {B1842046-487E-4EC5-A42C-4F6BB4B4202E}
		{BFBB348B-9B39-4C27-8E84-24E1A2E13715} = {0BA96158-3EFC-4057-A9E1-2347A4B9C523}
		{081BF6F3-77F1-4631-A450-406A9B793B63} = {B1842046-487E-4EC5-A42C-4F6BB4B4202E}
		{06E43D93-89AA-4CE1-BC8A-46306B17E245} = {B1842046-487E-4EC5-A42C-4F6BB4B4202E}
		{32A2785F-0F52-4C21-AA71-E64E114480A2} = {B1842046-487E-4EC5-A42C-4F6BB4B4202E}
	EndGlobalSection
	GlobalSection(ExtensibilityGlobals) = postSolution
		SolutionGuid = {8B149F34-D9A3-4604-BCA2-78BAFC4C4C9F}
	EndGlobalSection
EndGlobal
