
Microsoft Visual Studio Solution File, Format Version 12.00
# Visual Studio Version 17
VisualStudioVersion = 17.0.31903.59
MinimumVisualStudioVersion = 10.0.40219.1
Project("{2150E333-8FDC-42A3-9474-1A3956D46DE8}") = "Tests", "Tests", "{0BA96158-3EFC-4057-A9E1-2347A4B9C523}"
EndProject
Project("{9A19103F-16F7-4668-BE54-9A1E7A4F7556}") = "RainFramework.AspNetCore", "RainFramework.AspNetCore\RainFramework.AspNetCore.csproj", "{A393B793-0BBA-4411-AEA5-1BBAAD4D1914}"
EndProject
Project("{9A19103F-16F7-4668-BE54-9A1E7A4F7556}") = "RainFramework.Common", "RainFramework.Common\RainFramework.Common.csproj", "{65412D10-8420-4264-AEFA-106C0D4112F5}"
EndProject
Project("{9A19103F-16F7-4668-BE54-9A1E7A4F7556}") = "RainFramework.Repository", "RainFramework.Repository\RainFramework.Repository.csproj", "{B04CEFB6-FCDF-4FF9-A385-B0724D553E40}"
EndProject
Project("{9A19103F-16F7-4668-BE54-9A1E7A4F7556}") = "Demo.Api", "Demo.Api\Demo.Api.csproj", "{795A5E8B-6FFC-447F-94D6-1F4FAF93484D}"
EndProject
Global
	GlobalSection(SolutionConfigurationPlatforms) = preSolution
		Debug|Any CPU = Debug|Any CPU
		Release|Any CPU = Release|Any CPU
	EndGlobalSection
	GlobalSection(ProjectConfigurationPlatforms) = postSolution
		{A393B793-0BBA-4411-AEA5-1BBAAD4D1914}.Debug|Any CPU.ActiveCfg = Debug|Any CPU
		{A393B793-0BBA-4411-AEA5-1BBAAD4D1914}.Debug|Any CPU.Build.0 = Debug|Any CPU
		{A393B793-0BBA-4411-AEA5-1BBAAD4D1914}.Release|Any CPU.ActiveCfg = Release|Any CPU
		{A393B793-0BBA-4411-AEA5-1BBAAD4D1914}.Release|Any CPU.Build.0 = Release|Any CPU
		{65412D10-8420-4264-AEFA-106C0D4112F5}.Debug|Any CPU.ActiveCfg = Debug|Any CPU
		{65412D10-8420-4264-AEFA-106C0D4112F5}.Debug|Any CPU.Build.0 = Debug|Any CPU
		{65412D10-8420-4264-AEFA-106C0D4112F5}.Release|Any CPU.ActiveCfg = Release|Any CPU
		{65412D10-8420-4264-AEFA-106C0D4112F5}.Release|Any CPU.Build.0 = Release|Any CPU
		{B04CEFB6-FCDF-4FF9-A385-B0724D553E40}.Debug|Any CPU.ActiveCfg = Debug|Any CPU
		{B04CEFB6-FCDF-4FF9-A385-B0724D553E40}.Debug|Any CPU.Build.0 = Debug|Any CPU
		{B04CEFB6-FCDF-4FF9-A385-B0724D553E40}.Release|Any CPU.ActiveCfg = Release|Any CPU
		{B04CEFB6-FCDF-4FF9-A385-B0724D553E40}.Release|Any CPU.Build.0 = Release|Any CPU
		{795A5E8B-6FFC-447F-94D6-1F4FAF93484D}.Debug|Any CPU.ActiveCfg = Debug|Any CPU
		{795A5E8B-6FFC-447F-94D6-1F4FAF93484D}.Debug|Any CPU.Build.0 = Debug|Any CPU
		{795A5E8B-6FFC-447F-94D6-1F4FAF93484D}.Release|Any CPU.ActiveCfg = Release|Any CPU
		{795A5E8B-6FFC-447F-94D6-1F4FAF93484D}.Release|Any CPU.Build.0 = Release|Any CPU
	EndGlobalSection
	GlobalSection(SolutionProperties) = preSolution
		HideSolutionNode = FALSE
	EndGlobalSection
	GlobalSection(ExtensibilityGlobals) = postSolution
		SolutionGuid = {8B149F34-D9A3-4604-BCA2-78BAFC4C4C9F}
	EndGlobalSection
EndGlobal
